
Microsoft Visual Studio Solution File, Format Version 12.00
# Visual Studio 2013
VisualStudioVersion = 12.0.30501.0
MinimumVisualStudioVersion = 10.0.40219.1
Project("{8BC9CEB8-8B4A-11D0-8D11-00A0C91BC942}") = "sub3dtool", "sub3dtool.vcxproj", "{096A1DD5-4EFF-49D9-83D0-3E5C28E5F4AA}"
EndProject
Global
	GlobalSection(SolutionConfigurationPlatforms) = preSolution
		Debug|Win32 = Debug|Win32
		Release|Win32 = Release|Win32
	EndGlobalSection
	GlobalSection(ProjectConfigurationPlatforms) = postSolution
		{096A1DD5-4EFF-49D9-83D0-3E5C28E5F4AA}.Debug|Win32.ActiveCfg = Debug|Win32
		{096A1DD5-4EFF-49D9-83D0-3E5C28E5F4AA}.Debug|Win32.Build.0 = Debug|Win32
		{096A1DD5-4EFF-49D9-83D0-3E5C28E5F4AA}.Release|Win32.ActiveCfg = Release|Win32
		{096A1DD5-4EFF-49D9-83D0-3E5C28E5F4AA}.Release|Win32.Build.0 = Release|Win32
	EndGlobalSection
	GlobalSection(SolutionProperties) = preSolution
		HideSolutionNode = FALSE
	EndGlobalSection
EndGlobal
